
Microsoft Visual Studio Solution File, Format Version 12.00
Project("{FAE04EC0-301F-11D3-BF4B-00C04F79EFBC}") = "NetSPF", "NetSPF\NetSPF.csproj", "{EA628097-7921-4372-AC29-D920F5815D47}"
EndProject
Project("{FAE04EC0-301F-11D3-BF4B-00C04F79EFBC}") = "NetSPF.Tests", "NetSPF.Tests\NetSPF.Tests.csproj", "{B23110DA-033B-4D44-9D73-2AD0A28D94BF}"
EndProject
Global
	GlobalSection(SolutionConfigurationPlatforms) = preSolution
		Debug|Any CPU = Debug|Any CPU
		Release|Any CPU = Release|Any CPU
	EndGlobalSection
	GlobalSection(ProjectConfigurationPlatforms) = postSolution
		{EA628097-7921-4372-AC29-D920F5815D47}.Debug|Any CPU.ActiveCfg = Debug|Any CPU
		{EA628097-7921-4372-AC29-D920F5815D47}.Debug|Any CPU.Build.0 = Debug|Any CPU
		{EA628097-7921-4372-AC29-D920F5815D47}.Release|Any CPU.ActiveCfg = Release|Any CPU
		{EA628097-7921-4372-AC29-D920F5815D47}.Release|Any CPU.Build.0 = Release|Any CPU
		{B23110DA-033B-4D44-9D73-2AD0A28D94BF}.Debug|Any CPU.ActiveCfg = Debug|Any CPU
		{B23110DA-033B-4D44-9D73-2AD0A28D94BF}.Debug|Any CPU.Build.0 = Debug|Any CPU
		{B23110DA-033B-4D44-9D73-2AD0A28D94BF}.Release|Any CPU.ActiveCfg = Release|Any CPU
		{B23110DA-033B-4D44-9D73-2AD0A28D94BF}.Release|Any CPU.Build.0 = Release|Any CPU
	EndGlobalSection
EndGlobal
